{
  "name": "asset-exporter",
  "version": "0.0.1",
  "lockfileVersion": 3,
  "requires": true,
  "packages": {
    "": {
      "name": "asset-exporter",
      "version": "0.0.1",
      "license": "MIT",
      "dependencies": {
        "@hono/node-server": "^1.11.2",
        "hono": "^4.4.4",
        "playwright-core": "^1.44.1"
      }
    },
    "node_modules/@hono/node-server": {
      "version": "1.11.2",
      "resolved": "https://registry.npmjs.org/@hono/node-server/-/node-server-1.11.2.tgz",
      "integrity": "sha512-JhX0nUC66GeDxpIdMKWDRMEwtQBa64CY907iAF1sYqb4m2p2PdSU7zkbnNhAZLg/6IjSlTuj6CF307JlBXVvpg==",
      "engines": {
        "node": ">=18.14.1"
      }
    },
    "node_modules/hono": {
      "version": "4.4.4",
      "resolved": "https://registry.npmjs.org/hono/-/hono-4.4.4.tgz",
      "integrity": "sha512-zO5+4K8yf1iuKhBZhwmpZ/0LzPMr8Zt1RugEGM1xvOqgh9DyLb7tslOtoBks4bmm5bIcLtzLCXUpYpXOkwpABA==",
      "engines": {
        "node": ">=16.0.0"
      }
    },
    "node_modules/playwright-core": {
      "version": "1.44.1",
      "resolved": "https://registry.npmjs.org/playwright-core/-/playwright-core-1.44.1.tgz",
      "integrity": "sha512-wh0JWtYTrhv1+OSsLPgFzGzt67Y7BE/ZS3jEqgGBlp2ppp1ZDj8c+9IARNW4dwf1poq5MgHreEM2KV/GuR4cFA==",
      "bin": {
        "playwright-core": "cli.js"
      },
      "engines": {
        "node": ">=16"
      }
    }
  }
}
